
Microsoft Visual Studio Solution File, Format Version 12.00
# Visual Studio Version 17
VisualStudioVersion = 17.14.36518.9 d17.14
MinimumVisualStudioVersion = 10.0.40219.1
Project("{FAE04EC0-301F-11D3-BF4B-00C04F79EFBC}") = "AzureFunction", "AzureFunction\AzureFunction.csproj", "{87FD56BC-CE23-47F5-B9A6-D3532A582672}"
EndProject
Global
	GlobalSection(SolutionConfigurationPlatforms) = preSolution
		Debug|Any CPU = Debug|Any CPU
		Release|Any CPU = Release|Any CPU
	EndGlobalSection
	GlobalSection(ProjectConfigurationPlatforms) = postSolution
		{87FD56BC-CE23-47F5-B9A6-D3532A582672}.Debug|Any CPU.ActiveCfg = Debug|Any CPU
		{87FD56BC-CE23-47F5-B9A6-D3532A582672}.Debug|Any CPU.Build.0 = Debug|Any CPU
		{87FD56BC-CE23-47F5-B9A6-D3532A582672}.Release|Any CPU.ActiveCfg = Release|Any CPU
		{87FD56BC-CE23-47F5-B9A6-D3532A582672}.Release|Any CPU.Build.0 = Release|Any CPU
	EndGlobalSection
	GlobalSection(SolutionProperties) = preSolution
		HideSolutionNode = FALSE
	EndGlobalSection
	GlobalSection(ExtensibilityGlobals) = postSolution
		SolutionGuid = {5971A0A7-85F1-4A58-8E34-84BA8A6D0D0D}
	EndGlobalSection
EndGlobal
